{
  "name": "nodeproxy",
  "version": "1.0.0",
  "lockfileVersion": 3,
  "requires": true,
  "packages": {
    "": {
      "name": "nodeproxy",
      "version": "1.0.0",
      "license": "UNLICENSED",
      "dependencies": {
        "fp-ts": "^2.16.11",
        "hono": "^4.10.8"
      }
    },
    "node_modules/fp-ts": {
      "version": "2.16.11",
      "resolved": "https://registry.npmjs.org/fp-ts/-/fp-ts-2.16.11.tgz",
      "integrity": "sha512-LaI+KaX2NFkfn1ZGHoKCmcfv7yrZsC3b8NtWsTVQeHkq4F27vI5igUuO53sxqDEa2gNQMHFPmpojDw/1zmUK7w==",
      "license": "MIT"
    },
    "node_modules/hono": {
      "version": "4.10.8",
      "resolved": "https://registry.npmjs.org/hono/-/hono-4.10.8.tgz",
      "integrity": "sha512-DDT0A0r6wzhe8zCGoYOmMeuGu3dyTAE40HHjwUsWFTEy5WxK1x2WDSsBPlEXgPbRIFY6miDualuUDbasPogIww==",
      "license": "MIT",
      "engines": {
        "node": ">=16.9.0"
      }
    }
  }
}
